
Microsoft Visual Studio Solution File, Format Version 12.00
# Visual Studio Express 2012 for Windows Desktop
Project("{FAE04EC0-301F-11D3-BF4B-00C04F79EFBC}") = "TEAM6_CMART", "TEAM6_CMART\TEAM6_CMART.csproj", "{901966D2-E5BE-4910-B957-3C5FA6E2830D}"
EndProject
Global
	GlobalSection(SolutionConfigurationPlatforms) = preSolution
		Debug|Any CPU = Debug|Any CPU
		Release|Any CPU = Release|Any CPU
	EndGlobalSection
	GlobalSection(ProjectConfigurationPlatforms) = postSolution
		{901966D2-E5BE-4910-B957-3C5FA6E2830D}.Debug|Any CPU.ActiveCfg = Debug|Any CPU
		{901966D2-E5BE-4910-B957-3C5FA6E2830D}.Debug|Any CPU.Build.0 = Debug|Any CPU
		{901966D2-E5BE-4910-B957-3C5FA6E2830D}.Release|Any CPU.ActiveCfg = Release|Any CPU
		{901966D2-E5BE-4910-B957-3C5FA6E2830D}.Release|Any CPU.Build.0 = Release|Any CPU
	EndGlobalSection
	GlobalSection(SolutionProperties) = preSolution
		HideSolutionNode = FALSE
	EndGlobalSection
EndGlobal
